speakeasyVersion: 1.799.0
sources:
    Novu API:
        sourceNamespace: novu-api-csharp
        sourceRevisionDigest: sha256:0fcf538ca306067b8b2a912780625f08b525f3e285ec380f2705ad792f865bca
        sourceBlobDigest: sha256:d35efc92575ebf3726c1be47075b8cd1cd456518856f57cb812d372dce5f65bd
        tags:
            - latest
            - 3.19.2
targets:
    novu:
        source: Novu API
        sourceNamespace: novu-api-csharp
        sourceRevisionDigest: sha256:0fcf538ca306067b8b2a912780625f08b525f3e285ec380f2705ad792f865bca
        sourceBlobDigest: sha256:d35efc92575ebf3726c1be47075b8cd1cd456518856f57cb812d372dce5f65bd
        codeSamplesNamespace: novu-api-csharp-code-samples
        codeSamplesRevisionDigest: sha256:6255cfb8920474b3a3d9d2ae85aa507810e387a3377436a0f3a54389d21335e6
workflow:
    workflowVersion: 1.0.0
    speakeasyVersion: latest
    sources:
        Novu API:
            inputs:
                - location: https://api.novu.co/openapi.sdk.yaml
            overlays:
                - location: .speakeasy/speakeasy-modifications-overlay.yaml
                - location: .speakeasy/speakeasy-errorissue-overlay.yaml
            registry:
                location: registry.speakeasyapi.dev/novu/novu/novu-api-csharp
    targets:
        novu:
            target: csharp
            source: Novu API
            publish:
                nuget:
                    apiKey: $nuget_api_key
            codeSamples:
                registry:
                    location: registry.speakeasyapi.dev/novu/novu/novu-api-csharp-code-samples
                labelOverride:
                    fixedValue: Csharp (SDK)
                blocking: false
