speakeasyVersion: 1.700.1
sources:
    Novu API:
        sourceNamespace: novu-api-csharp
        sourceRevisionDigest: sha256:4cea257bf2042b2b7233df54b73c361e0c71d31555fba761d7cb3637c524351a
        sourceBlobDigest: sha256:fc08495d96152ca745e4ce7d5939e249a759a51da0ab2316360106151ea8b8f3
        tags:
            - latest
            - speakeasy-sdk-regen-1767917532
            - 3.12.0
targets:
    novu:
        source: Novu API
        sourceNamespace: novu-api-csharp
        sourceRevisionDigest: sha256:4cea257bf2042b2b7233df54b73c361e0c71d31555fba761d7cb3637c524351a
        sourceBlobDigest: sha256:fc08495d96152ca745e4ce7d5939e249a759a51da0ab2316360106151ea8b8f3
        codeSamplesNamespace: novu-api-csharp-code-samples
        codeSamplesRevisionDigest: sha256:2b34139f23b4a42e1e5d3d59ed25f1eda5218b28f25455335bce2458d798bdac
workflow:
    workflowVersion: 1.0.0
    speakeasyVersion: latest
    sources:
        Novu API:
            inputs:
                - location: https://api.novu.co/openapi.sdk.yaml
            overlays:
                - location: .speakeasy/speakeasy-modifications-overlay.yaml
                - location: .speakeasy/speakeasy-errorissue-overlay.yaml
            registry:
                location: registry.speakeasyapi.dev/novu/novu/novu-api-csharp
    targets:
        novu:
            target: csharp
            source: Novu API
            publish:
                nuget:
                    apiKey: $nuget_api_key
            codeSamples:
                registry:
                    location: registry.speakeasyapi.dev/novu/novu/novu-api-csharp-code-samples
                labelOverride:
                    fixedValue: Csharp (SDK)
                blocking: false
