speakeasyVersion: 1.725.0
sources:
    Novu API:
        sourceNamespace: novu-api-csharp
        sourceRevisionDigest: sha256:ed14922657f3d2f2326127bdcf1061c555ad53372da4a27b09e507fcd65f1ad3
        sourceBlobDigest: sha256:cef71d8a8a5887c689eb3d1a7f1a63a1c58deb8ee765414368ef9e333a6428a6
        tags:
            - latest
            - speakeasy-sdk-regen-1769645679
            - 3.13.0
targets:
    novu:
        source: Novu API
        sourceNamespace: novu-api-csharp
        sourceRevisionDigest: sha256:ed14922657f3d2f2326127bdcf1061c555ad53372da4a27b09e507fcd65f1ad3
        sourceBlobDigest: sha256:cef71d8a8a5887c689eb3d1a7f1a63a1c58deb8ee765414368ef9e333a6428a6
        codeSamplesNamespace: novu-api-csharp-code-samples
        codeSamplesRevisionDigest: sha256:28429cda51710333917dda71eea10bb1f1cd5f4ea698339b4357d75d80dc3fdd
workflow:
    workflowVersion: 1.0.0
    speakeasyVersion: latest
    sources:
        Novu API:
            inputs:
                - location: https://api.novu.co/openapi.sdk.yaml
            overlays:
                - location: .speakeasy/speakeasy-modifications-overlay.yaml
                - location: .speakeasy/speakeasy-errorissue-overlay.yaml
            registry:
                location: registry.speakeasyapi.dev/novu/novu/novu-api-csharp
    targets:
        novu:
            target: csharp
            source: Novu API
            publish:
                nuget:
                    apiKey: $nuget_api_key
            codeSamples:
                registry:
                    location: registry.speakeasyapi.dev/novu/novu/novu-api-csharp-code-samples
                labelOverride:
                    fixedValue: Csharp (SDK)
                blocking: false
